
Microsoft Visual Studio Solution File, Format Version 12.00
# Visual Studio Version 16
VisualStudioVersion = 16.0.29411.108
MinimumVisualStudioVersion = 10.0.40219.1
Project("{9A19103F-16F7-4668-BE54-9A1E7A4F7556}") = "DayOne", "DayOne\DayOne.csproj", "{63748F41-E9D6-4D7A-B335-3B62C2AE6BE4}"
EndProject
Project("{9A19103F-16F7-4668-BE54-9A1E7A4F7556}") = "DayTwo", "DayTwo\DayTwo.csproj", "{34E3AE0A-5FC2-4300-9632-DBF661F422F2}"
EndProject
Project("{9A19103F-16F7-4668-BE54-9A1E7A4F7556}") = "DayThree", "DayThree\DayThree.csproj", "{9D2A8662-5D64-42EF-9482-763F06A958F7}"
EndProject
Project("{9A19103F-16F7-4668-BE54-9A1E7A4F7556}") = "DayFour", "DayFour\DayFour.csproj", "{5CB4B416-8F45-4841-8278-AA3B0BEC5A0B}"
EndProject
Project("{FAE04EC0-301F-11D3-BF4B-00C04F79EFBC}") = "IntComputer", "IntComputer\IntComputer.csproj", "{32B56D3B-485C-4163-8F33-163C21DAC8A0}"
EndProject
Project("{FAE04EC0-301F-11D3-BF4B-00C04F79EFBC}") = "Tests", "Tests\Tests.csproj", "{70AE1CD8-5A8C-4FA0-B8C7-2D6BE57ECA0B}"
EndProject
Global
	GlobalSection(SolutionConfigurationPlatforms) = preSolution
		Debug|Any CPU = Debug|Any CPU
		Release|Any CPU = Release|Any CPU
	EndGlobalSection
	GlobalSection(ProjectConfigurationPlatforms) = postSolution
		{63748F41-E9D6-4D7A-B335-3B62C2AE6BE4}.Debug|Any CPU.ActiveCfg = Debug|Any CPU
		{63748F41-E9D6-4D7A-B335-3B62C2AE6BE4}.Debug|Any CPU.Build.0 = Debug|Any CPU
		{63748F41-E9D6-4D7A-B335-3B62C2AE6BE4}.Release|Any CPU.ActiveCfg = Release|Any CPU
		{63748F41-E9D6-4D7A-B335-3B62C2AE6BE4}.Release|Any CPU.Build.0 = Release|Any CPU
		{34E3AE0A-5FC2-4300-9632-DBF661F422F2}.Debug|Any CPU.ActiveCfg = Debug|Any CPU
		{34E3AE0A-5FC2-4300-9632-DBF661F422F2}.Debug|Any CPU.Build.0 = Debug|Any CPU
		{34E3AE0A-5FC2-4300-9632-DBF661F422F2}.Release|Any CPU.ActiveCfg = Release|Any CPU
		{34E3AE0A-5FC2-4300-9632-DBF661F422F2}.Release|Any CPU.Build.0 = Release|Any CPU
		{9D2A8662-5D64-42EF-9482-763F06A958F7}.Debug|Any CPU.ActiveCfg = Debug|Any CPU
		{9D2A8662-5D64-42EF-9482-763F06A958F7}.Debug|Any CPU.Build.0 = Debug|Any CPU
		{9D2A8662-5D64-42EF-9482-763F06A958F7}.Release|Any CPU.ActiveCfg = Release|Any CPU
		{9D2A8662-5D64-42EF-9482-763F06A958F7}.Release|Any CPU.Build.0 = Release|Any CPU
		{5CB4B416-8F45-4841-8278-AA3B0BEC5A0B}.Debug|Any CPU.ActiveCfg = Debug|Any CPU
		{5CB4B416-8F45-4841-8278-AA3B0BEC5A0B}.Debug|Any CPU.Build.0 = Debug|Any CPU
		{5CB4B416-8F45-4841-8278-AA3B0BEC5A0B}.Release|Any CPU.ActiveCfg = Release|Any CPU
		{5CB4B416-8F45-4841-8278-AA3B0BEC5A0B}.Release|Any CPU.Build.0 = Release|Any CPU
		{32B56D3B-485C-4163-8F33-163C21DAC8A0}.Debug|Any CPU.ActiveCfg = Debug|Any CPU
		{32B56D3B-485C-4163-8F33-163C21DAC8A0}.Debug|Any CPU.Build.0 = Debug|Any CPU
		{32B56D3B-485C-4163-8F33-163C21DAC8A0}.Release|Any CPU.ActiveCfg = Release|Any CPU
		{32B56D3B-485C-4163-8F33-163C21DAC8A0}.Release|Any CPU.Build.0 = Release|Any CPU
		{70AE1CD8-5A8C-4FA0-B8C7-2D6BE57ECA0B}.Debug|Any CPU.ActiveCfg = Debug|Any CPU
		{70AE1CD8-5A8C-4FA0-B8C7-2D6BE57ECA0B}.Debug|Any CPU.Build.0 = Debug|Any CPU
		{70AE1CD8-5A8C-4FA0-B8C7-2D6BE57ECA0B}.Release|Any CPU.ActiveCfg = Release|Any CPU
		{70AE1CD8-5A8C-4FA0-B8C7-2D6BE57ECA0B}.Release|Any CPU.Build.0 = Release|Any CPU
	EndGlobalSection
	GlobalSection(SolutionProperties) = preSolution
		HideSolutionNode = FALSE
	EndGlobalSection
	GlobalSection(ExtensibilityGlobals) = postSolution
		SolutionGuid = {36A46A2B-0793-4341-A4BF-96D96D4E94E0}
	EndGlobalSection
EndGlobal
